// !$*UTF8*$!
{
	archiveVersion = 1;
	classes = {
	};
	objectVersion = 56;
	objects = {

/* Begin PBXBuildFile section */
		1A00000000000001 /* LegadoApp.swift in Sources */ = {isa = PBXBuildFile; fileRef = 1A10000000000001 /* LegadoApp.swift */; };
		1A00000000000003 /* Assets.xcassets in Resources */ = {isa = PBXBuildFile; fileRef = 1A10000000000003 /* Assets.xcassets */; };
		1A00000000000004 /* Legado.xcdatamodeld in Sources */ = {isa = PBXBuildFile; fileRef = 1A10000000000004 /* Legado.xcdatamodeld */; };
		
		// Core
		1A00000000000010 /* Book+CoreDataClass.swift in Sources */ = {isa = PBXBuildFile; fileRef = 1A10000000000010 /* Book+CoreDataClass.swift */; };
		1A00000000000011 /* BookSource+CoreDataClass.swift in Sources */ = {isa = PBXBuildFile; fileRef = 1A10000000000011 /* BookSource+CoreDataClass.swift */; };
		1A00000000000012 /* BookChapter+CoreDataClass.swift in Sources */ = {isa = PBXBuildFile; fileRef = 1A10000000000012 /* BookChapter+CoreDataClass.swift */; };
		1A00000000000013 /* Bookmark+CoreDataClass.swift in Sources */ = {isa = PBXBuildFile; fileRef = 1A10000000000013 /* Bookmark+CoreDataClass.swift */; };
		1A00000000000014 /* ReadConfig.swift in Sources */ = {isa = PBXBuildFile; fileRef = 1A10000000000014 /* ReadConfig.swift */; };
		1A00000000000015 /* CoreDataStack.swift in Sources */ = {isa = PBXBuildFile; fileRef = 1A10000000000015 /* CoreDataStack.swift */; };
		1A00000000000016 /* HTTPClient.swift in Sources */ = {isa = PBXBuildFile; fileRef = 1A10000000000016 /* HTTPClient.swift */; };
		1A00000000000017 /* RuleEngine.swift in Sources */ = {isa = PBXBuildFile; fileRef = 1A10000000000017 /* RuleEngine.swift */; };
		1A00000000000018 /* ReplaceEngine.swift in Sources */ = {isa = PBXBuildFile; fileRef = 1A10000000000018 /* ReplaceEngine.swift */; };
		1A00000000000019 /* RuleSplitter.swift in Sources */ = {isa = PBXBuildFile; fileRef = 1A10000000000019 /* RuleSplitter.swift */; };
		
		// Features
		1A00000000000020 /* BookshelfView.swift in Sources */ = {isa = PBXBuildFile; fileRef = 1A10000000000020 /* BookshelfView.swift */; };
		1A00000000000021 /* BookshelfViewModel.swift in Sources */ = {isa = PBXBuildFile; fileRef = 1A10000000000021 /* BookshelfViewModel.swift */; };
		1A00000000000022 /* ReaderView.swift in Sources */ = {isa = PBXBuildFile; fileRef = 1A10000000000022 /* ReaderView.swift */; };
		1A00000000000023 /* ReaderViewModel.swift in Sources */ = {isa = PBXBuildFile; fileRef = 1A10000000000023 /* ReaderViewModel.swift */; };
		1A00000000000024 /* SearchView.swift in Sources */ = {isa = PBXBuildFile; fileRef = 1A10000000000024 /* SearchView.swift */; };
		1A00000000000025 /* SearchViewModel.swift in Sources */ = {isa = PBXBuildFile; fileRef = 1A10000000000025 /* SearchViewModel.swift */; };
		1A00000000000026 /* SourceManageView.swift in Sources */ = {isa = PBXBuildFile; fileRef = 1A10000000000026 /* SourceManageView.swift */; };
		1A00000000000027 /* SourceViewModel.swift in Sources */ = {isa = PBXBuildFile; fileRef = 1A10000000000027 /* SourceViewModel.swift */; };
		1A00000000000028 /* SettingsView.swift in Sources */ = {isa = PBXBuildFile; fileRef = 1A10000000000028 /* SettingsView.swift */; };
		1A00000000000029 /* BookDetailView.swift in Sources */ = {isa = PBXBuildFile; fileRef = 1A10000000000029 /* BookDetailView.swift */; };
		1A00000000000030 /* MainTabView.swift in Sources */ = {isa = PBXBuildFile; fileRef = 1A10000000000030 /* MainTabView.swift */; };
		1A00000000000031 /* CloudKitSyncManager.swift in Sources */ = {isa = PBXBuildFile; fileRef = 1A10000000000031 /* CloudKitSyncManager.swift */; };
		1A00000000000032 /* AppConstants.swift in Sources */ = {isa = PBXBuildFile; fileRef = 1A10000000000032 /* AppConstants.swift */; };
		1A00000000000033 /* ImageCacheManager.swift in Sources */ = {isa = PBXBuildFile; fileRef = 1A10000000000033 /* ImageCacheManager.swift */; };
		1A00000000000034 /* EPUBParser.swift in Sources */ = {isa = PBXBuildFile; fileRef = 1A10000000000034 /* EPUBParser.swift */; };
		1A00000000000035 /* SearchResultView.swift in Sources */ = {isa = PBXBuildFile; fileRef = 1A10000000000035 /* SearchResultView.swift */; };
		1A00000000000036 /* AddBookView.swift in Sources */ = {isa = PBXBuildFile; fileRef = 1A10000000000036 /* AddBookView.swift */; };
		1A00000000000037 /* LocalBookViewModel.swift in Sources */ = {isa = PBXBuildFile; fileRef = 1A10000000000037 /* LocalBookViewModel.swift */; };
		1A00000000000038 /* BackupRestoreView.swift in Sources */ = {isa = PBXBuildFile; fileRef = 1A10000000000038 /* BackupRestoreView.swift */; };
		1A00000000000039 /* ReaderSettingsFullView.swift in Sources */ = {isa = PBXBuildFile; fileRef = 1A10000000000039 /* ReaderSettingsFullView.swift */; };
		1A0000000000003A /* ReplaceRuleView.swift in Sources */ = {isa = PBXBuildFile; fileRef = 1A1000000000003A /* ReplaceRuleView.swift */; };
		1A0000000000003B /* SwiftSoup in Frameworks */ = {isa = PBXBuildFile; productRef = 1AC0000000000001 /* SwiftSoup */; };
		1A0000000000003C /* Kanna in Frameworks */ = {isa = PBXBuildFile; productRef = 1AC0000000000002 /* Kanna */; };
		1A0000000000003D /* ZIPFoundation in Frameworks */ = {isa = PBXBuildFile; productRef = 1AC0000000000003 /* ZIPFoundation */; };
		1A00000000000040 /* AnalyzeUrl.swift in Sources */ = {isa = PBXBuildFile; fileRef = 1A10000000000040 /* AnalyzeUrl.swift */; };
		1A00000000000041 /* WebBook.swift in Sources */ = {isa = PBXBuildFile; fileRef = 1A10000000000041 /* WebBook.swift */; };
		1A00000000000042 /* RSSSubscriptionView.swift in Sources */ = {isa = PBXBuildFile; fileRef = 1A10000000000042 /* RSSSubscriptionView.swift */; };
		1A00000000000043 /* QRCodeScanView.swift in Sources */ = {isa = PBXBuildFile; fileRef = 1A10000000000043 /* QRCodeScanView.swift */; };
		1A00000000000044 /* DictRuleView.swift in Sources */ = {isa = PBXBuildFile; fileRef = 1A10000000000044 /* DictRuleView.swift */; };
		1A00000000000045 /* ReplaceRule+CoreDataClass.swift in Sources */ = {isa = PBXBuildFile; fileRef = 1A10000000000045 /* ReplaceRule+CoreDataClass.swift */; };
		1A00000000000046 /* ReplaceRuleDebugView.swift in Sources */ = {isa = PBXBuildFile; fileRef = 1A10000000000046 /* ReplaceRuleDebugView.swift */; };
		1A00000000000047 /* TemplateEngine.swift in Sources */ = {isa = PBXBuildFile; fileRef = 1A10000000000047 /* TemplateEngine.swift */; };
		1A00000000000048 /* JSBridge.swift in Sources */ = {isa = PBXBuildFile; fileRef = 1A10000000000048 /* JSBridge.swift */; };
		1A00000000000049 /* SourceEditView.swift in Sources */ = {isa = PBXBuildFile; fileRef = 1A10000000000049 /* SourceEditView.swift */; };
		1A0000000000004A /* SourceEditViewModel.swift in Sources */ = {isa = PBXBuildFile; fileRef = 1A1000000000004A /* SourceEditViewModel.swift */; };
		1A0000000000004B /* RuleFieldEditor.swift in Sources */ = {isa = PBXBuildFile; fileRef = 1A1000000000004B /* RuleFieldEditor.swift */; };
		1A0000000000004C /* BasicInfoSection.swift in Sources */ = {isa = PBXBuildFile; fileRef = 1A1000000000004C /* BasicInfoSection.swift */; };
		1A0000000000004D /* SearchRuleSection.swift in Sources */ = {isa = PBXBuildFile; fileRef = 1A1000000000004D /* SearchRuleSection.swift */; };
		1A0000000000004E /* ExploreRuleSection.swift in Sources */ = {isa = PBXBuildFile; fileRef = 1A1000000000004E /* ExploreRuleSection.swift */; };
		1A0000000000004F /* BookInfoRuleSection.swift in Sources */ = {isa = PBXBuildFile; fileRef = 1A1000000000004F /* BookInfoRuleSection.swift */; };
		1A00000000000050 /* TocRuleSection.swift in Sources */ = {isa = PBXBuildFile; fileRef = 1A10000000000050 /* TocRuleSection.swift */; };
		1A00000000000051 /* ContentRuleSection.swift in Sources */ = {isa = PBXBuildFile; fileRef = 1A10000000000051 /* ContentRuleSection.swift */; };
		1A00000000000052 /* WebDAVCredentials.swift in Sources */ = {isa = PBXBuildFile; fileRef = 1A10000000000052 /* WebDAVCredentials.swift */; };
		1A00000000000053 /* WebDAVFile.swift in Sources */ = {isa = PBXBuildFile; fileRef = 1A10000000000053 /* WebDAVFile.swift */; };
		1A00000000000054 /* BackupInfo.swift in Sources */ = {isa = PBXBuildFile; fileRef = 1A10000000000054 /* BackupInfo.swift */; };
		1A00000000000055 /* WebDAVClient.swift in Sources */ = {isa = PBXBuildFile; fileRef = 1A10000000000055 /* WebDAVClient.swift */; };
		1A00000000000056 /* WebDAVSyncManager.swift in Sources */ = {isa = PBXBuildFile; fileRef = 1A10000000000056 /* WebDAVSyncManager.swift */; };
		1A00000000000057 /* WebDAVConfigView.swift in Sources */ = {isa = PBXBuildFile; fileRef = 1A10000000000057 /* WebDAVConfigView.swift */; };
		1A00000000000058 /* PagedReaderView.swift in Sources */ = {isa = PBXBuildFile; fileRef = 1A10000000000058 /* PagedReaderView.swift */; };
		1A00000000000059 /* PageSplitter.swift in Sources */ = {isa = PBXBuildFile; fileRef = 1A10000000000059 /* PageSplitter.swift */; };
		1A0000000000005A /* CoverPageView.swift in Sources */ = {isa = PBXBuildFile; fileRef = 1A1000000000005A /* CoverPageView.swift */; };
		1A0000000000005B /* SlidePageView.swift in Sources */ = {isa = PBXBuildFile; fileRef = 1A1000000000005B /* SlidePageView.swift */; };
		1A0000000000005C /* DiscoveryView.swift in Sources */ = {isa = PBXBuildFile; fileRef = 1A1000000000005C /* DiscoveryView.swift */; };
		1A0000000000005D /* ReadingStatisticsView.swift in Sources */ = {isa = PBXBuildFile; fileRef = 1A1000000000005D /* ReadingStatisticsView.swift */; };
		1A0000000000005E /* ReadingStatisticsManager.swift in Sources */ = {isa = PBXBuildFile; fileRef = 1A1000000000005E /* ReadingStatisticsManager.swift */; };
		1A0000000000005F /* SourceDebugView.swift in Sources */ = {isa = PBXBuildFile; fileRef = 1A1000000000005F /* SourceDebugView.swift */; };
		1A00000000000060 /* SourceDebugViewModel.swift in Sources */ = {isa = PBXBuildFile; fileRef = 1A10000000000060 /* SourceDebugViewModel.swift */; };
		1A00000000000061 /* RuleDebugger.swift in Sources */ = {isa = PBXBuildFile; fileRef = 1A10000000000061 /* RuleDebugger.swift */; };
		1A00000000000062 /* TTSManager.swift in Sources */ = {isa = PBXBuildFile; fileRef = 1A10000000000062 /* TTSManager.swift */; };
		1A00000000000063 /* TTSControlsView.swift in Sources */ = {isa = PBXBuildFile; fileRef = 1A10000000000063 /* TTSControlsView.swift */; };
		1A00000000000064 /* CurlPageView.swift in Sources */ = {isa = PBXBuildFile; fileRef = 1A10000000000064 /* CurlPageView.swift */; };
		1A00000000000065 /* AutoPageTurnManager.swift in Sources */ = {isa = PBXBuildFile; fileRef = 1A10000000000065 /* AutoPageTurnManager.swift */; };
		1A00000000000066 /* AutoPageTurnControlsView.swift in Sources */ = {isa = PBXBuildFile; fileRef = 1A10000000000066 /* AutoPageTurnControlsView.swift */; };
		1A00000000000067 /* ReadingEnhancementManager.swift in Sources */ = {isa = PBXBuildFile; fileRef = 1A10000000000067 /* ReadingEnhancementManager.swift */; };
		1A00000000000068 /* FullTextFetcher.swift in Sources */ = {isa = PBXBuildFile; fileRef = 1A10000000000068 /* FullTextFetcher.swift */; };
		1A00000000000069 /* SourceSubscriptionManager.swift in Sources */ = {isa = PBXBuildFile; fileRef = 1A10000000000069 /* SourceSubscriptionManager.swift */; };
		1A0000000000006A /* DataMigrationManager.swift in Sources */ = {isa = PBXBuildFile; fileRef = 1A1000000000006A /* DataMigrationManager.swift */; };
		1A0000000000006B /* SearchOptimizer.swift in Sources */ = {isa = PBXBuildFile; fileRef = 1A1000000000006B /* SearchOptimizer.swift */; };
		1A0000000000006C /* ReplaceEngineEnhanced.swift in Sources */ = {isa = PBXBuildFile; fileRef = 1A1000000000006C /* ReplaceEngineEnhanced.swift */; };
		1A00000000000070 /* BookGroup+CoreDataClass.swift in Sources */ = {isa = PBXBuildFile; fileRef = 1A10000000000070 /* BookGroup+CoreDataClass.swift */; };
		1A00000000000071 /* SearchBook+CoreDataClass.swift in Sources */ = {isa = PBXBuildFile; fileRef = 1A10000000000071 /* SearchBook+CoreDataClass.swift */; };
		1A00000000000072 /* SearchKeyword+CoreDataClass.swift in Sources */ = {isa = PBXBuildFile; fileRef = 1A10000000000072 /* SearchKeyword+CoreDataClass.swift */; };
		1A00000000000073 /* RssSource+CoreDataClass.swift in Sources */ = {isa = PBXBuildFile; fileRef = 1A10000000000073 /* RssSource+CoreDataClass.swift */; };
		1A00000000000074 /* RssArticle+CoreDataClass.swift in Sources */ = {isa = PBXBuildFile; fileRef = 1A10000000000074 /* RssArticle+CoreDataClass.swift */; };
		1A00000000000075 /* RssReadRecord+CoreDataClass.swift in Sources */ = {isa = PBXBuildFile; fileRef = 1A10000000000075 /* RssReadRecord+CoreDataClass.swift */; };
		1A00000000000076 /* RssStar+CoreDataClass.swift in Sources */ = {isa = PBXBuildFile; fileRef = 1A10000000000076 /* RssStar+CoreDataClass.swift */; };
		1A00000000000077 /* CacheEntry+CoreDataClass.swift in Sources */ = {isa = PBXBuildFile; fileRef = 1A10000000000077 /* CacheEntry+CoreDataClass.swift */; };
		1A00000000000078 /* Cookie+CoreDataClass.swift in Sources */ = {isa = PBXBuildFile; fileRef = 1A10000000000078 /* Cookie+CoreDataClass.swift */; };
		1A00000000000079 /* ReadRecord+CoreDataClass.swift in Sources */ = {isa = PBXBuildFile; fileRef = 1A10000000000079 /* ReadRecord+CoreDataClass.swift */; };
		1A0000000000007A /* BookProgress+CoreDataClass.swift in Sources */ = {isa = PBXBuildFile; fileRef = 1A1000000000007A /* BookProgress+CoreDataClass.swift */; };
		1A0000000000007B /* HttpTTS+CoreDataClass.swift in Sources */ = {isa = PBXBuildFile; fileRef = 1A1000000000007B /* HttpTTS+CoreDataClass.swift */; };
		1A0000000000007C /* DictRule+CoreDataClass.swift in Sources */ = {isa = PBXBuildFile; fileRef = 1A1000000000007C /* DictRule+CoreDataClass.swift */; };
		1A0000000000007D /* RuleSub+CoreDataClass.swift in Sources */ = {isa = PBXBuildFile; fileRef = 1A1000000000007D /* RuleSub+CoreDataClass.swift */; };
		1A0000000000007E /* TxtTocRule+CoreDataClass.swift in Sources */ = {isa = PBXBuildFile; fileRef = 1A1000000000007E /* TxtTocRule+CoreDataClass.swift */; };
		1A0000000000007F /* BookDeduplicator.swift in Sources */ = {isa = PBXBuildFile; fileRef = 1A1000000000007F /* BookDeduplicator.swift */; };
		1A00000000000080 /* TableOfContentsParser.swift in Sources */ = {isa = PBXBuildFile; fileRef = 1A10000000000080 /* TableOfContentsParser.swift */; };
		1A00000000000081 /* ContentView.swift in Sources */ = {isa = PBXBuildFile; fileRef = 1A10000000000081 /* ContentView.swift */; };
		1A00000000000082 /* Chapter.swift in Sources */ = {isa = PBXBuildFile; fileRef = 1A10000000000082 /* Chapter.swift */; };
	/* End PBXBuildFile section */

/* Begin PBXFileReference section */
		1A10000000000001 /* LegadoApp.swift */ = {isa = PBXFileReference; lastKnownFileType = sourcecode.swift; path = LegadoApp.swift; sourceTree = "<group>"; };

		1A10000000000003 /* Assets.xcassets */ = {isa = PBXFileReference; lastKnownFileType = folder.assetcatalog; path = Assets.xcassets; sourceTree = "<group>"; };
		1A10000000000004 /* Legado.xcdatamodeld */ = {isa = PBXFileReference; lastKnownFileType = wrapper.xcdatamodel; path = Legado.xcdatamodeld; sourceTree = "<group>"; };
		1A10000000000005 /* Legado.app */ = {isa = PBXFileReference; explicitFileType = wrapper.application; includeInIndex = 0; path = Legado.app; sourceTree = BUILT_PRODUCTS_DIR; };
		
		// Core
		1A10000000000010 /* Book+CoreDataClass.swift */ = {isa = PBXFileReference; lastKnownFileType = sourcecode.swift; path = "Book+CoreDataClass.swift"; sourceTree = "<group>"; };
		1A10000000000011 /* BookSource+CoreDataClass.swift */ = {isa = PBXFileReference; lastKnownFileType = sourcecode.swift; path = "BookSource+CoreDataClass.swift"; sourceTree = "<group>"; };
		1A10000000000012 /* BookChapter+CoreDataClass.swift */ = {isa = PBXFileReference; lastKnownFileType = sourcecode.swift; path = "BookChapter+CoreDataClass.swift"; sourceTree = "<group>"; };
		1A10000000000013 /* Bookmark+CoreDataClass.swift */ = {isa = PBXFileReference; lastKnownFileType = sourcecode.swift; path = "Bookmark+CoreDataClass.swift"; sourceTree = "<group>"; };
		1A10000000000014 /* ReadConfig.swift */ = {isa = PBXFileReference; lastKnownFileType = sourcecode.swift; path = ReadConfig.swift; sourceTree = "<group>"; };
		1A10000000000015 /* CoreDataStack.swift */ = {isa = PBXFileReference; lastKnownFileType = sourcecode.swift; path = CoreDataStack.swift; sourceTree = "<group>"; };
		1A10000000000016 /* HTTPClient.swift */ = {isa = PBXFileReference; lastKnownFileType = sourcecode.swift; path = HTTPClient.swift; sourceTree = "<group>"; };
		1A10000000000017 /* RuleEngine.swift */ = {isa = PBXFileReference; lastKnownFileType = sourcecode.swift; path = RuleEngine.swift; sourceTree = "<group>"; };
		1A10000000000018 /* ReplaceEngine.swift */ = {isa = PBXFileReference; lastKnownFileType = sourcecode.swift; path = ReplaceEngine.swift; sourceTree = "<group>"; };
		1A10000000000019 /* RuleSplitter.swift */ = {isa = PBXFileReference; lastKnownFileType = sourcecode.swift; path = RuleSplitter.swift; sourceTree = "<group>"; };
		
		// Features
		1A10000000000020 /* BookshelfView.swift */ = {isa = PBXFileReference; lastKnownFileType = sourcecode.swift; path = BookshelfView.swift; sourceTree = "<group>"; };
		1A10000000000021 /* BookshelfViewModel.swift */ = {isa = PBXFileReference; lastKnownFileType = sourcecode.swift; path = BookshelfViewModel.swift; sourceTree = "<group>"; };
		1A10000000000022 /* ReaderView.swift */ = {isa = PBXFileReference; lastKnownFileType = sourcecode.swift; path = ReaderView.swift; sourceTree = "<group>"; };
		1A10000000000023 /* ReaderViewModel.swift */ = {isa = PBXFileReference; lastKnownFileType = sourcecode.swift; path = ReaderViewModel.swift; sourceTree = "<group>"; };
		1A10000000000024 /* SearchView.swift */ = {isa = PBXFileReference; lastKnownFileType = sourcecode.swift; path = SearchView.swift; sourceTree = "<group>"; };
		1A10000000000025 /* SearchViewModel.swift */ = {isa = PBXFileReference; lastKnownFileType = sourcecode.swift; path = SearchViewModel.swift; sourceTree = "<group>"; };
		1A10000000000026 /* SourceManageView.swift */ = {isa = PBXFileReference; lastKnownFileType = sourcecode.swift; path = SourceManageView.swift; sourceTree = "<group>"; };
		1A10000000000027 /* SourceViewModel.swift */ = {isa = PBXFileReference; lastKnownFileType = sourcecode.swift; path = SourceViewModel.swift; sourceTree = "<group>"; };
		1A10000000000028 /* SettingsView.swift */ = {isa = PBXFileReference; lastKnownFileType = sourcecode.swift; path = SettingsView.swift; sourceTree = "<group>"; };
		1A10000000000029 /* BookDetailView.swift */ = {isa = PBXFileReference; lastKnownFileType = sourcecode.swift; path = BookDetailView.swift; sourceTree = "<group>"; };
		1A10000000000030 /* MainTabView.swift */ = {isa = PBXFileReference; lastKnownFileType = sourcecode.swift; path = MainTabView.swift; sourceTree = "<group>"; };
		1A10000000000031 /* CloudKitSyncManager.swift */ = {isa = PBXFileReference; lastKnownFileType = sourcecode.swift; path = CloudKitSyncManager.swift; sourceTree = "<group>"; };
		1A10000000000032 /* AppConstants.swift */ = {isa = PBXFileReference; lastKnownFileType = sourcecode.swift; path = AppConstants.swift; sourceTree = "<group>"; };
		1A10000000000033 /* ImageCacheManager.swift */ = {isa = PBXFileReference; lastKnownFileType = sourcecode.swift; path = ImageCacheManager.swift; sourceTree = "<group>"; };
		1A10000000000034 /* EPUBParser.swift */ = {isa = PBXFileReference; lastKnownFileType = sourcecode.swift; path = EPUBParser.swift; sourceTree = "<group>"; };
		1A10000000000035 /* SearchResultView.swift */ = {isa = PBXFileReference; lastKnownFileType = sourcecode.swift; path = SearchResultView.swift; sourceTree = "<group>"; };
		1A10000000000036 /* AddBookView.swift */ = {isa = PBXFileReference; lastKnownFileType = sourcecode.swift; path = AddBookView.swift; sourceTree = "<group>"; };
		1A10000000000037 /* LocalBookViewModel.swift */ = {isa = PBXFileReference; lastKnownFileType = sourcecode.swift; path = LocalBookViewModel.swift; sourceTree = "<group>"; };
		1A10000000000038 /* BackupRestoreView.swift */ = {isa = PBXFileReference; lastKnownFileType = sourcecode.swift; path = BackupRestoreView.swift; sourceTree = "<group>"; };
		1A10000000000039 /* ReaderSettingsFullView.swift */ = {isa = PBXFileReference; lastKnownFileType = sourcecode.swift; path = ReaderSettingsFullView.swift; sourceTree = "<group>"; };
		1A1000000000003A /* ReplaceRuleView.swift */ = {isa = PBXFileReference; lastKnownFileType = sourcecode.swift; path = ReplaceRuleView.swift; sourceTree = "<group>"; };
		1A10000000000040 /* AnalyzeUrl.swift */ = {isa = PBXFileReference; lastKnownFileType = sourcecode.swift; path = AnalyzeUrl.swift; sourceTree = "<group>"; };
		1A10000000000041 /* WebBook.swift */ = {isa = PBXFileReference; lastKnownFileType = sourcecode.swift; path = WebBook.swift; sourceTree = "<group>"; };
		1A10000000000042 /* RSSSubscriptionView.swift */ = {isa = PBXFileReference; lastKnownFileType = sourcecode.swift; path = RSSSubscriptionView.swift; sourceTree = "<group>"; };
		1A10000000000043 /* QRCodeScanView.swift */ = {isa = PBXFileReference; lastKnownFileType = sourcecode.swift; path = QRCodeScanView.swift; sourceTree = "<group>"; };
		1A10000000000044 /* DictRuleView.swift */ = {isa = PBXFileReference; lastKnownFileType = sourcecode.swift; path = DictRuleView.swift; sourceTree = "<group>"; };
		1A10000000000045 /* ReplaceRule+CoreDataClass.swift */ = {isa = PBXFileReference; lastKnownFileType = sourcecode.swift; path = "ReplaceRule+CoreDataClass.swift"; sourceTree = "<group>"; };
		1A10000000000046 /* ReplaceRuleDebugView.swift */ = {isa = PBXFileReference; lastKnownFileType = sourcecode.swift; path = ReplaceRuleDebugView.swift; sourceTree = "<group>"; };
		1A10000000000047 /* TemplateEngine.swift */ = {isa = PBXFileReference; lastKnownFileType = sourcecode.swift; path = TemplateEngine.swift; sourceTree = "<group>"; };
		1A10000000000048 /* JSBridge.swift */ = {isa = PBXFileReference; lastKnownFileType = sourcecode.swift; path = JSBridge.swift; sourceTree = "<group>"; };
		1A10000000000049 /* SourceEditView.swift */ = {isa = PBXFileReference; lastKnownFileType = sourcecode.swift; path = SourceEditView.swift; sourceTree = "<group>"; };
		1A1000000000004A /* SourceEditViewModel.swift */ = {isa = PBXFileReference; lastKnownFileType = sourcecode.swift; path = SourceEditViewModel.swift; sourceTree = "<group>"; };
		1A1000000000004B /* RuleFieldEditor.swift */ = {isa = PBXFileReference; lastKnownFileType = sourcecode.swift; path = RuleFieldEditor.swift; sourceTree = "<group>"; };
		1A1000000000004C /* BasicInfoSection.swift */ = {isa = PBXFileReference; lastKnownFileType = sourcecode.swift; path = BasicInfoSection.swift; sourceTree = "<group>"; };
		1A1000000000004D /* SearchRuleSection.swift */ = {isa = PBXFileReference; lastKnownFileType = sourcecode.swift; path = SearchRuleSection.swift; sourceTree = "<group>"; };
		1A1000000000004E /* ExploreRuleSection.swift */ = {isa = PBXFileReference; lastKnownFileType = sourcecode.swift; path = ExploreRuleSection.swift; sourceTree = "<group>"; };
		1A1000000000004F /* BookInfoRuleSection.swift */ = {isa = PBXFileReference; lastKnownFileType = sourcecode.swift; path = BookInfoRuleSection.swift; sourceTree = "<group>"; };
		1A10000000000050 /* TocRuleSection.swift */ = {isa = PBXFileReference; lastKnownFileType = sourcecode.swift; path = TocRuleSection.swift; sourceTree = "<group>"; };
		1A10000000000051 /* ContentRuleSection.swift */ = {isa = PBXFileReference; lastKnownFileType = sourcecode.swift; path = ContentRuleSection.swift; sourceTree = "<group>"; };
		1A10000000000052 /* WebDAVCredentials.swift */ = {isa = PBXFileReference; lastKnownFileType = sourcecode.swift; path = WebDAVCredentials.swift; sourceTree = "<group>"; };
		1A10000000000053 /* WebDAVFile.swift */ = {isa = PBXFileReference; lastKnownFileType = sourcecode.swift; path = WebDAVFile.swift; sourceTree = "<group>"; };
		1A10000000000054 /* BackupInfo.swift */ = {isa = PBXFileReference; lastKnownFileType = sourcecode.swift; path = BackupInfo.swift; sourceTree = "<group>"; };
		1A10000000000055 /* WebDAVClient.swift */ = {isa = PBXFileReference; lastKnownFileType = sourcecode.swift; path = WebDAVClient.swift; sourceTree = "<group>"; };
		1A10000000000056 /* WebDAVSyncManager.swift */ = {isa = PBXFileReference; lastKnownFileType = sourcecode.swift; path = WebDAVSyncManager.swift; sourceTree = "<group>"; };
		1A10000000000057 /* WebDAVConfigView.swift */ = {isa = PBXFileReference; lastKnownFileType = sourcecode.swift; path = WebDAVConfigView.swift; sourceTree = "<group>"; };
		1A10000000000058 /* PagedReaderView.swift */ = {isa = PBXFileReference; lastKnownFileType = sourcecode.swift; path = "Features/Reader/PagedReaderView.swift"; sourceTree = "<group>"; };
		1A10000000000059 /* PageSplitter.swift */ = {isa = PBXFileReference; lastKnownFileType = sourcecode.swift; path = "Features/Reader/PageSplitter.swift"; sourceTree = "<group>"; };
		1A1000000000005A /* CoverPageView.swift */ = {isa = PBXFileReference; lastKnownFileType = sourcecode.swift; path = "Features/Reader/PageViews/CoverPageView.swift"; sourceTree = "<group>"; };
		1A1000000000005B /* SlidePageView.swift */ = {isa = PBXFileReference; lastKnownFileType = sourcecode.swift; path = "Features/Reader/PageViews/SlidePageView.swift"; sourceTree = "<group>"; };
		1A1000000000005C /* DiscoveryView.swift */ = {isa = PBXFileReference; lastKnownFileType = sourcecode.swift; path = "Discovery/DiscoveryView.swift"; sourceTree = "<group>"; };
		1A1000000000005D /* ReadingStatisticsView.swift */ = {isa = PBXFileReference; lastKnownFileType = sourcecode.swift; path = "Statistics/ReadingStatisticsView.swift"; sourceTree = "<group>"; };
		1A1000000000005E /* ReadingStatisticsManager.swift */ = {isa = PBXFileReference; lastKnownFileType = sourcecode.swift; path = "Statistics/ReadingStatisticsManager.swift"; sourceTree = "<group>"; };
		1A1000000000005F /* SourceDebugView.swift */ = {isa = PBXFileReference; lastKnownFileType = sourcecode.swift; path = SourceDebugView.swift; sourceTree = "<group>"; };
		1A10000000000060 /* SourceDebugViewModel.swift */ = {isa = PBXFileReference; lastKnownFileType = sourcecode.swift; path = SourceDebugViewModel.swift; sourceTree = "<group>"; };
		1A10000000000061 /* RuleDebugger.swift */ = {isa = PBXFileReference; lastKnownFileType = sourcecode.swift; path = RuleDebugger.swift; sourceTree = "<group>"; };
		1A10000000000062 /* TTSManager.swift */ = {isa = PBXFileReference; lastKnownFileType = sourcecode.swift; path = "Core/TTS/TTSManager.swift"; sourceTree = "<group>"; };
		1A10000000000063 /* TTSControlsView.swift */ = {isa = PBXFileReference; lastKnownFileType = sourcecode.swift; path = "Features/Reader/TTSControlsView.swift"; sourceTree = "<group>"; };
		1A10000000000064 /* CurlPageView.swift */ = {isa = PBXFileReference; lastKnownFileType = sourcecode.swift; path = "Features/Reader/PageViews/CurlPageView.swift"; sourceTree = "<group>"; };
		1A10000000000065 /* AutoPageTurnManager.swift */ = {isa = PBXFileReference; lastKnownFileType = sourcecode.swift; path = "Features/Reader/AutoPageTurnManager.swift"; sourceTree = "<group>"; };
		1A10000000000066 /* AutoPageTurnControlsView.swift */ = {isa = PBXFileReference; lastKnownFileType = sourcecode.swift; path = "Features/Reader/AutoPageTurnControlsView.swift"; sourceTree = "<group>"; };
		1A10000000000067 /* ReadingEnhancementManager.swift */ = {isa = PBXFileReference; lastKnownFileType = sourcecode.swift; path = "Features/Reader/ReadingEnhancementManager.swift"; sourceTree = "<group>"; };
		1A10000000000068 /* FullTextFetcher.swift */ = {isa = PBXFileReference; lastKnownFileType = sourcecode.swift; path = "Core/Network/FullTextFetcher.swift"; sourceTree = "<group>"; };
		1A10000000000069 /* SourceSubscriptionManager.swift */ = {isa = PBXFileReference; lastKnownFileType = sourcecode.swift; path = "Core/Source/SourceSubscriptionManager.swift"; sourceTree = "<group>"; };
		1A1000000000006A /* DataMigrationManager.swift */ = {isa = PBXFileReference; lastKnownFileType = sourcecode.swift; path = "Core/Migration/DataMigrationManager.swift"; sourceTree = "<group>"; };
		1A1000000000006B /* SearchOptimizer.swift */ = {isa = PBXFileReference; lastKnownFileType = sourcecode.swift; path = "Core/Search/SearchOptimizer.swift"; sourceTree = "<group>"; };
		1A1000000000006C /* ReplaceEngineEnhanced.swift */ = {isa = PBXFileReference; lastKnownFileType = sourcecode.swift; path = "Core/RuleEngine/ReplaceEngineEnhanced.swift"; sourceTree = "<group>"; };
		1A10000000000070 /* BookGroup+CoreDataClass.swift */ = {isa = PBXFileReference; lastKnownFileType = sourcecode.swift; path = "BookGroup+CoreDataClass.swift"; sourceTree = "<group>"; };
		1A10000000000071 /* SearchBook+CoreDataClass.swift */ = {isa = PBXFileReference; lastKnownFileType = sourcecode.swift; path = "SearchBook+CoreDataClass.swift"; sourceTree = "<group>"; };
		1A10000000000072 /* SearchKeyword+CoreDataClass.swift */ = {isa = PBXFileReference; lastKnownFileType = sourcecode.swift; path = "SearchKeyword+CoreDataClass.swift"; sourceTree = "<group>"; };
		1A10000000000073 /* RssSource+CoreDataClass.swift */ = {isa = PBXFileReference; lastKnownFileType = sourcecode.swift; path = "RssSource+CoreDataClass.swift"; sourceTree = "<group>"; };
		1A10000000000074 /* RssArticle+CoreDataClass.swift */ = {isa = PBXFileReference; lastKnownFileType = sourcecode.swift; path = "RssArticle+CoreDataClass.swift"; sourceTree = "<group>"; };
		1A10000000000075 /* RssReadRecord+CoreDataClass.swift */ = {isa = PBXFileReference; lastKnownFileType = sourcecode.swift; path = "RssReadRecord+CoreDataClass.swift"; sourceTree = "<group>"; };
		1A10000000000076 /* RssStar+CoreDataClass.swift */ = {isa = PBXFileReference; lastKnownFileType = sourcecode.swift; path = "RssStar+CoreDataClass.swift"; sourceTree = "<group>"; };
		1A10000000000077 /* CacheEntry+CoreDataClass.swift */ = {isa = PBXFileReference; lastKnownFileType = sourcecode.swift; path = "CacheEntry+CoreDataClass.swift"; sourceTree = "<group>"; };
		1A10000000000078 /* Cookie+CoreDataClass.swift */ = {isa = PBXFileReference; lastKnownFileType = sourcecode.swift; path = "Cookie+CoreDataClass.swift"; sourceTree = "<group>"; };
		1A10000000000079 /* ReadRecord+CoreDataClass.swift */ = {isa = PBXFileReference; lastKnownFileType = sourcecode.swift; path = "ReadRecord+CoreDataClass.swift"; sourceTree = "<group>"; };
		1A1000000000007A /* BookProgress+CoreDataClass.swift */ = {isa = PBXFileReference; lastKnownFileType = sourcecode.swift; path = "BookProgress+CoreDataClass.swift"; sourceTree = "<group>"; };
		1A1000000000007B /* HttpTTS+CoreDataClass.swift */ = {isa = PBXFileReference; lastKnownFileType = sourcecode.swift; path = "HttpTTS+CoreDataClass.swift"; sourceTree = "<group>"; };
		1A1000000000007C /* DictRule+CoreDataClass.swift */ = {isa = PBXFileReference; lastKnownFileType = sourcecode.swift; path = "DictRule+CoreDataClass.swift"; sourceTree = "<group>"; };
		1A1000000000007D /* RuleSub+CoreDataClass.swift */ = {isa = PBXFileReference; lastKnownFileType = sourcecode.swift; path = "RuleSub+CoreDataClass.swift"; sourceTree = "<group>"; };
		1A1000000000007E /* TxtTocRule+CoreDataClass.swift */ = {isa = PBXFileReference; lastKnownFileType = sourcecode.swift; path = "TxtTocRule+CoreDataClass.swift"; sourceTree = "<group>"; };
		1A1000000000007F /* BookDeduplicator.swift */ = {isa = PBXFileReference; lastKnownFileType = sourcecode.swift; path = "BookDeduplicator.swift"; sourceTree = "<group>"; };
		1A10000000000080 /* TableOfContentsParser.swift */ = {isa = PBXFileReference; lastKnownFileType = sourcecode.swift; path = "TableOfContentsParser.swift"; sourceTree = "<group>"; };
		1A10000000000081 /* ContentView.swift */ = {isa = PBXFileReference; lastKnownFileType = sourcecode.swift; path = "ContentView.swift"; sourceTree = "<group>"; };
		1A10000000000082 /* Chapter.swift */ = {isa = PBXFileReference; lastKnownFileType = sourcecode.swift; path = "Chapter.swift"; sourceTree = "<group>"; };
	/* End PBXFileReference section */

/* Begin PBXFrameworksBuildPhase section */
		1A20000000000001 /* Frameworks */ = {
			isa = PBXFrameworksBuildPhase;
			buildActionMask = 2147483647;
			files = (
				1A0000000000003B /* SwiftSoup in Frameworks */,
				1A0000000000003C /* Kanna in Frameworks */,
				1A0000000000003D /* ZIPFoundation in Frameworks */,
			);
			runOnlyForDeploymentPostprocessing = 0;
		};
/* End PBXFrameworksBuildPhase section */

/* Begin PBXGroup section */
		1A30000000000001 = {
			isa = PBXGroup;
			children = (
				1A30000000000009 /* App */,
				1A30000000000010 /* Core */,
				1A30000000000020 /* Features */,
				1A30000000000030 /* Resources */,
				1A30000000000040 /* Products */,
			);
			sourceTree = "<group>";
		};
		1A30000000000009 /* App */ = {
			isa = PBXGroup;
			children = (
				1A10000000000001 /* LegadoApp.swift */,
				1A10000000000030 /* MainTabView.swift */,

			);
			path = App;
			sourceTree = "<group>";
		};
		1A30000000000010 /* Core */ = {
			isa = PBXGroup;
			children = (
				1A30000000000011 /* Persistence */,
				1A30000000000014 /* Cache */,
				1A30000000000015 /* Config */,
				1A30000000000012 /* Network */,
				1A30000000000016 /* Parser */,
				1A30000000000013 /* RuleEngine */,
				1A30000000000060 /* Sync */,
				1A30000000000017 /* Model */,
				1A1000000000005E /* ReadingStatisticsManager.swift */,
			);
			path = Core;
			sourceTree = "<group>";
		};
		1A30000000000011 /* Persistence */ = {
			isa = PBXGroup;
			children = (
				1A10000000000004 /* Legado.xcdatamodeld */,
				1A10000000000010 /* Book+CoreDataClass.swift */,
				1A10000000000011 /* BookSource+CoreDataClass.swift */,
				1A10000000000012 /* BookChapter+CoreDataClass.swift */,
				1A10000000000013 /* Bookmark+CoreDataClass.swift */,
				1A10000000000014 /* ReadConfig.swift */,
				1A10000000000015 /* CoreDataStack.swift */,
				1A10000000000031 /* CloudKitSyncManager.swift */,
				1A10000000000045 /* ReplaceRule+CoreDataClass.swift */,
				1A10000000000070 /* BookGroup+CoreDataClass.swift */,
				1A10000000000071 /* SearchBook+CoreDataClass.swift */,
				1A10000000000072 /* SearchKeyword+CoreDataClass.swift */,
				1A10000000000073 /* RssSource+CoreDataClass.swift */,
				1A10000000000074 /* RssArticle+CoreDataClass.swift */,
				1A10000000000075 /* RssReadRecord+CoreDataClass.swift */,
				1A10000000000076 /* RssStar+CoreDataClass.swift */,
				1A10000000000077 /* CacheEntry+CoreDataClass.swift */,
				1A10000000000078 /* Cookie+CoreDataClass.swift */,
				1A10000000000079 /* ReadRecord+CoreDataClass.swift */,
				1A1000000000007A /* BookProgress+CoreDataClass.swift */,
				1A1000000000007B /* HttpTTS+CoreDataClass.swift */,
				1A1000000000007C /* DictRule+CoreDataClass.swift */,
				1A1000000000007D /* RuleSub+CoreDataClass.swift */,
				1A1000000000007E /* TxtTocRule+CoreDataClass.swift */,
				1A1000000000007F /* BookDeduplicator.swift */,
			);
			path = Persistence;
			sourceTree = "<group>";
		};
		1A30000000000014 /* Cache */ = {
			isa = PBXGroup;
			children = (
				1A10000000000033 /* ImageCacheManager.swift */,
			);
			path = Cache;
			sourceTree = "<group>";
		};
		1A30000000000015 /* Config */ = {
			isa = PBXGroup;
			children = (
				1A10000000000032 /* AppConstants.swift */,
			);
			path = Config;
			sourceTree = "<group>";
		};
		1A30000000000012 /* Network */ = {
			isa = PBXGroup;
			children = (
				1A10000000000016 /* HTTPClient.swift */,
				1A10000000000040 /* AnalyzeUrl.swift */,
			);
			path = Network;
			sourceTree = "<group>";
		};
		1A30000000000060 /* Sync */ = {
			isa = PBXGroup;
			children = (
				1A10000000000055 /* WebDAVClient.swift */,
				1A10000000000056 /* WebDAVSyncManager.swift */,
				1A10000000000057 /* WebDAVConfigView.swift */,
				1A30000000000061 /* Models */,
			);
			path = Sync;
			sourceTree = "<group>";
		};
		1A30000000000061 /* Models */ = {
			isa = PBXGroup;
			children = (
				1A10000000000052 /* WebDAVCredentials.swift */,
				1A10000000000053 /* WebDAVFile.swift */,
				1A10000000000054 /* BackupInfo.swift */,
			);
			path = Models;
			sourceTree = "<group>";
		};
		1A30000000000017 /* Model */ = {
			isa = PBXGroup;
			children = (
				1A10000000000041 /* WebBook.swift */,
			);
			path = Model;
			sourceTree = "<group>";
		};
		1A30000000000016 /* Parser */ = {
			isa = PBXGroup;
			children = (
				1A10000000000034 /* EPUBParser.swift */,
				1A10000000000080 /* TableOfContentsParser.swift */,
			);
			path = Parser;
			sourceTree = "<group>";
		};
		1A30000000000013 /* RuleEngine */ = {
			isa = PBXGroup;
			children = (
				1A10000000000017 /* RuleEngine.swift */,
				1A10000000000018 /* ReplaceEngine.swift */,
				1A10000000000019 /* RuleSplitter.swift */,
				1A10000000000047 /* TemplateEngine.swift */,
				1A10000000000048 /* JSBridge.swift */,
				1A10000000000061 /* RuleDebugger.swift */,
			);
			path = RuleEngine;
			sourceTree = "<group>";
		};
		1A30000000000020 /* Features */ = {
			isa = PBXGroup;
			children = (
				1A30000000000021 /* Bookshelf */,
				1A30000000000022 /* Reader */,
				1A30000000000023 /* Search */,
				1A30000000000024 /* Source */,
				1A30000000000025 /* Config */,
				1A30000000000027 /* Local */,
				1A30000000000026 /* BookDetail */,
				1A30000000000028 /* RSS */,
				1A1000000000005C /* DiscoveryView.swift */,
				1A1000000000005D /* ReadingStatisticsView.swift */,
			);
			path = Features;
			sourceTree = "<group>";
		};
		1A30000000000021 /* Bookshelf */ = {
			isa = PBXGroup;
			children = (
				1A10000000000036 /* AddBookView.swift */,
				1A10000000000020 /* BookshelfView.swift */,
				1A10000000000021 /* BookshelfViewModel.swift */,
			);
			path = Bookshelf;
			sourceTree = "<group>";
		};
		1A30000000000022 /* Reader */ = {
			isa = PBXGroup;
			children = (
				1A10000000000039 /* ReaderSettingsFullView.swift */,
				1A10000000000022 /* ReaderView.swift */,
				1A10000000000023 /* ReaderViewModel.swift */,
			);
			path = Reader;
			sourceTree = "<group>";
		};
		1A30000000000023 /* Search */ = {
			isa = PBXGroup;
			children = (
				1A10000000000035 /* SearchResultView.swift */,
				1A10000000000024 /* SearchView.swift */,
				1A10000000000025 /* SearchViewModel.swift */,
			);
			path = Search;
			sourceTree = "<group>";
		};
		1A30000000000024 /* Source */ = {
			isa = PBXGroup;
			children = (
				1A10000000000026 /* SourceManageView.swift */,
				1A10000000000027 /* SourceViewModel.swift */,
				1A10000000000049 /* SourceEditView.swift */,
				1A1000000000004A /* SourceEditViewModel.swift */,
				1A1000000000005F /* SourceDebugView.swift */,
				1A10000000000060 /* SourceDebugViewModel.swift */,
				1A30000000000029 /* Components */,
				1A10000000000043 /* QRCodeScanView.swift */,
			);
			path = Source;
			sourceTree = "<group>";
		};
		1A30000000000029 /* Components */ = {
			isa = PBXGroup;
			children = (
				1A1000000000004B /* RuleFieldEditor.swift */,
				1A1000000000004C /* BasicInfoSection.swift */,
				1A1000000000004D /* SearchRuleSection.swift */,
				1A1000000000004E /* ExploreRuleSection.swift */,
				1A1000000000004F /* BookInfoRuleSection.swift */,
				1A10000000000050 /* TocRuleSection.swift */,
				1A10000000000051 /* ContentRuleSection.swift */,
			);
			path = Components;
			sourceTree = "<group>";
		};
		1A30000000000025 /* Config */ = {
			isa = PBXGroup;
			children = (
				1A10000000000038 /* BackupRestoreView.swift */,
				1A1000000000003A /* ReplaceRuleView.swift */,
				1A10000000000028 /* SettingsView.swift */,
				1A10000000000044 /* DictRuleView.swift */,
				1A10000000000046 /* ReplaceRuleDebugView.swift */,
			);
			path = Config;
			sourceTree = "<group>";
		};
		1A30000000000028 /* RSS */ = {
			isa = PBXGroup;
			children = (
				1A10000000000042 /* RSSSubscriptionView.swift */,
			);
			path = RSS;
			sourceTree = "<group>";
		};
		1A30000000000027 /* Local */ = {
			isa = PBXGroup;
			children = (
				1A10000000000037 /* LocalBookViewModel.swift */,
			);
			path = Local;
			sourceTree = "<group>";
		};
		1A30000000000026 /* BookDetail */ = {
			isa = PBXGroup;
			children = (
				1A10000000000029 /* BookDetailView.swift */,
			);
			path = BookDetail;
			sourceTree = "<group>";
		};
		1A30000000000030 /* Resources */ = {
			isa = PBXGroup;
			children = (
				1A10000000000003 /* Assets.xcassets */,
			);
			path = Resources;
			sourceTree = "<group>";
		};
		1A30000000000040 /* Products */ = {
			isa = PBXGroup;
			children = (
				1A10000000000005 /* Legado.app */,
			);
			name = Products;
			sourceTree = "<group>";
		};
/* End PBXGroup section */

/* Begin PBXNativeTarget section */
		1A40000000000001 /* Legado */ = {
			isa = PBXNativeTarget;
			buildConfigurationList = 1A50000000000001 /* Build configuration list for PBXNativeTarget "Legado" */;
			buildPhases = (
				1A40000000000002 /* Sources */,
				1A20000000000001 /* Frameworks */,
				1A40000000000003 /* Resources */,
			);
			buildRules = (
			);
			dependencies = (
			);
			name = Legado;
			packageProductDependencies = (
				1AC0000000000001 /* SwiftSoup */,
				1AC0000000000002 /* Kanna */,
				1AC0000000000003 /* ZIPFoundation */,
			);
			productName = Legado;
			productReference = 1A10000000000005 /* Legado.app */;
			productType = "com.apple.product-type.application";
		};
/* End PBXNativeTarget section */

/* Begin PBXProject section */
		1A60000000000001 /* Project object */ = {
			isa = PBXProject;
			attributes = {
				BuildIndependentTargetsInParallel = 1;
				LastSwiftUpdateCheck = 1500;
				LastUpgradeCheck = 1500;
				TargetAttributes = {
					1A40000000000001 = {
						CreatedOnToolsVersion = 15.0;
					};
				};
			};
			buildConfigurationList = 1A50000000000002 /* Build configuration list for PBXProject "Legado" */;
			compatibilityVersion = "Xcode 14.0";
			developmentRegion = "zh-Hans";
			hasScannedForEncodings = 0;
			knownRegions = (
				en,
				Base,
				"zh-Hans",
			);
			mainGroup = 1A30000000000001;
			packageReferences = (
				1AB0000000000001 /* XCRemoteSwiftPackageReference "SwiftSoup" */,
				1AB0000000000002 /* XCRemoteSwiftPackageReference "Kanna" */,
				1AB0000000000003 /* XCRemoteSwiftPackageReference "ZIPFoundation" */,
			);
			productRefGroup = 1A30000000000040 /* Products */;
			projectDirPath = "";
			projectRoot = "";
			targets = (
				1A40000000000001 /* Legado */,
			);
		};
/* End PBXProject section */

/* Begin PBXResourcesBuildPhase section */
		1A40000000000003 /* Resources */ = {
			isa = PBXResourcesBuildPhase;
			buildActionMask = 2147483647;
			files = (
				1A00000000000004 /* Legado.xcdatamodeld in Resources */,
				1A00000000000003 /* Assets.xcassets in Resources */,
			);
			runOnlyForDeploymentPostprocessing = 0;
		};
/* End PBXResourcesBuildPhase section */

/* Begin PBXSourcesBuildPhase section */
		1A40000000000002 /* Sources */ = {
			isa = PBXSourcesBuildPhase;
			buildActionMask = 2147483647;
			files = (
				1A00000000000001 /* LegadoApp.swift in Sources */,
				1A00000000000030 /* MainTabView.swift in Sources */,
				1A00000000000010 /* Book+CoreDataClass.swift in Sources */,
				1A00000000000011 /* BookSource+CoreDataClass.swift in Sources */,
				1A00000000000012 /* BookChapter+CoreDataClass.swift in Sources */,
				1A00000000000013 /* Bookmark+CoreDataClass.swift in Sources */,
				1A00000000000014 /* ReadConfig.swift in Sources */,
				1A00000000000015 /* CoreDataStack.swift in Sources */,
				1A00000000000031 /* CloudKitSyncManager.swift in Sources */,
				1A00000000000032 /* AppConstants.swift in Sources */,
				1A00000000000033 /* ImageCacheManager.swift in Sources */,
				1A00000000000016 /* HTTPClient.swift in Sources */,
				1A00000000000068 /* FullTextFetcher.swift in Sources */,
				1A00000000000055 /* WebDAVClient.swift in Sources */,
				1A00000000000056 /* WebDAVSyncManager.swift in Sources */,
				1A00000000000057 /* WebDAVConfigView.swift in Sources */,
				1A00000000000052 /* WebDAVCredentials.swift in Sources */,
				1A00000000000053 /* WebDAVFile.swift in Sources */,
				1A00000000000054 /* BackupInfo.swift in Sources */,
				1A00000000000034 /* EPUBParser.swift in Sources */,
				1A00000000000017 /* RuleEngine.swift in Sources */,
				1A00000000000018 /* ReplaceEngine.swift in Sources */,
				1A0000000000006C /* ReplaceEngineEnhanced.swift in Sources */,
				1A00000000000019 /* RuleSplitter.swift in Sources */,
				1A00000000000047 /* TemplateEngine.swift in Sources */,
				1A00000000000048 /* JSBridge.swift in Sources */,
				1A0000000000006B /* SearchOptimizer.swift in Sources */,
				1A0000000000006A /* DataMigrationManager.swift in Sources */,
				1A00000000000069 /* SourceSubscriptionManager.swift in Sources */,
				1A00000000000062 /* TTSManager.swift in Sources */,
				1A00000000000036 /* AddBookView.swift in Sources */,
				1A00000000000020 /* BookshelfView.swift in Sources */,
				1A00000000000021 /* BookshelfViewModel.swift in Sources */,
				1A00000000000039 /* ReaderSettingsFullView.swift in Sources */,
				1A00000000000022 /* ReaderView.swift in Sources */,
				1A00000000000023 /* ReaderViewModel.swift in Sources */,
				1A00000000000058 /* PagedReaderView.swift in Sources */,
				1A00000000000059 /* PageSplitter.swift in Sources */,
				1A0000000000005A /* CoverPageView.swift in Sources */,
				1A0000000000005B /* SlidePageView.swift in Sources */,
				1A00000000000064 /* CurlPageView.swift in Sources */,
				1A00000000000067 /* ReadingEnhancementManager.swift in Sources */,
				1A00000000000065 /* AutoPageTurnManager.swift in Sources */,
				1A00000000000066 /* AutoPageTurnControlsView.swift in Sources */,
				1A00000000000063 /* TTSControlsView.swift in Sources */,
				1A0000000000005C /* DiscoveryView.swift in Sources */,
				1A0000000000005D /* ReadingStatisticsView.swift in Sources */,
				1A0000000000005E /* ReadingStatisticsManager.swift in Sources */,
				1A0000000000005F /* SourceDebugView.swift in Sources */,
				1A00000000000060 /* SourceDebugViewModel.swift in Sources */,
				1A00000000000061 /* RuleDebugger.swift in Sources */,
				1A00000000000035 /* SearchResultView.swift in Sources */,
				1A00000000000024 /* SearchView.swift in Sources */,
				1A00000000000025 /* SearchViewModel.swift in Sources */,
				1A00000000000026 /* SourceManageView.swift in Sources */,
				1A00000000000027 /* SourceViewModel.swift in Sources */,
				1A00000000000049 /* SourceEditView.swift in Sources */,
				1A0000000000004A /* SourceEditViewModel.swift in Sources */,
				1A0000000000004B /* RuleFieldEditor.swift in Sources */,
				1A0000000000004C /* BasicInfoSection.swift in Sources */,
				1A0000000000004D /* SearchRuleSection.swift in Sources */,
				1A0000000000004E /* ExploreRuleSection.swift in Sources */,
				1A0000000000004F /* BookInfoRuleSection.swift in Sources */,
				1A00000000000050 /* TocRuleSection.swift in Sources */,
				1A00000000000051 /* ContentRuleSection.swift in Sources */,
				1A00000000000038 /* BackupRestoreView.swift in Sources */,
				1A0000000000003A /* ReplaceRuleView.swift in Sources */,
				1A00000000000028 /* SettingsView.swift in Sources */,
				1A00000000000037 /* LocalBookViewModel.swift in Sources */,
				1A00000000000029 /* BookDetailView.swift in Sources */,
				1A00000000000040 /* AnalyzeUrl.swift in Sources */,
				1A00000000000041 /* WebBook.swift in Sources */,
				1A00000000000042 /* RSSSubscriptionView.swift in Sources */,
				1A00000000000043 /* QRCodeScanView.swift in Sources */,
				1A00000000000044 /* DictRuleView.swift in Sources */,
				1A00000000000045 /* ReplaceRule+CoreDataClass.swift in Sources */,
				1A00000000000046 /* ReplaceRuleDebugView.swift in Sources */,
				1A00000000000070 /* BookGroup+CoreDataClass.swift in Sources */,
				1A00000000000071 /* SearchBook+CoreDataClass.swift in Sources */,
				1A00000000000072 /* SearchKeyword+CoreDataClass.swift in Sources */,
				1A00000000000073 /* RssSource+CoreDataClass.swift in Sources */,
				1A00000000000074 /* RssArticle+CoreDataClass.swift in Sources */,
				1A00000000000075 /* RssReadRecord+CoreDataClass.swift in Sources */,
				1A00000000000076 /* RssStar+CoreDataClass.swift in Sources */,
				1A00000000000077 /* CacheEntry+CoreDataClass.swift in Sources */,
				1A00000000000078 /* Cookie+CoreDataClass.swift in Sources */,
				1A00000000000079 /* ReadRecord+CoreDataClass.swift in Sources */,
				1A0000000000007A /* BookProgress+CoreDataClass.swift in Sources */,
				1A0000000000007B /* HttpTTS+CoreDataClass.swift in Sources */,
				1A0000000000007C /* DictRule+CoreDataClass.swift in Sources */,
				1A0000000000007D /* RuleSub+CoreDataClass.swift in Sources */,
				1A0000000000007E /* TxtTocRule+CoreDataClass.swift in Sources */,
				1A0000000000007F /* BookDeduplicator.swift in Sources */,
				1A00000000000080 /* TableOfContentsParser.swift in Sources */,
				1A00000000000081 /* ContentView.swift in Sources */,
				1A00000000000082 /* Chapter.swift in Sources */,
			);
			runOnlyForDeploymentPostprocessing = 0;
		};
/* End PBXSourcesBuildPhase section */

/* Begin XCRemoteSwiftPackageReference section */
		1AB0000000000001 /* XCRemoteSwiftPackageReference "SwiftSoup" */ = {
			isa = XCRemoteSwiftPackageReference;
			repositoryURL = "https://github.com/scinfu/SwiftSoup.git";
			requirement = {
				kind = upToNextMajorVersion;
				minimumVersion = 2.6.0;
			};
		};
		1AB0000000000002 /* XCRemoteSwiftPackageReference "Kanna" */ = {
			isa = XCRemoteSwiftPackageReference;
			repositoryURL = "https://github.com/tid-kijyun/Kanna.git";
			requirement = {
				kind = upToNextMajorVersion;
				minimumVersion = 5.2.8;
			};
		};
		1AB0000000000003 /* XCRemoteSwiftPackageReference "ZIPFoundation" */ = {
			isa = XCRemoteSwiftPackageReference;
			repositoryURL = "https://github.com/weichsel/ZIPFoundation.git";
			requirement = {
				kind = upToNextMajorVersion;
				minimumVersion = 0.9.18;
			};
		};
/* End XCRemoteSwiftPackageReference section */

/* Begin XCSwiftPackageProductDependency section */
		1AC0000000000001 /* SwiftSoup */ = {
			isa = XCSwiftPackageProductDependency;
			package = 1AB0000000000001 /* XCRemoteSwiftPackageReference "SwiftSoup" */;
			productName = SwiftSoup;
		};
		1AC0000000000002 /* Kanna */ = {
			isa = XCSwiftPackageProductDependency;
			package = 1AB0000000000002 /* XCRemoteSwiftPackageReference "Kanna" */;
			productName = Kanna;
		};
		1AC0000000000003 /* ZIPFoundation */ = {
			isa = XCSwiftPackageProductDependency;
			package = 1AB0000000000003 /* XCRemoteSwiftPackageReference "ZIPFoundation" */;
			productName = ZIPFoundation;
		};
/* End XCSwiftPackageProductDependency section */

/* Begin XCBuildConfiguration section */
		1A70000000000001 /* Debug */ = {
			isa = XCBuildConfiguration;
			buildSettings = {
				ALWAYS_SEARCH_USER_PATHS = NO;
				ASYNCHRONOUS_SYMBOL_MAPS = YES;
				CLANG_ANALYZER_NONNULL = YES;
				CLANG_ANALYZER_NUMBER_OBJECT_CONVERSION = YES_AGGRESSIVE;
				CLANG_CXX_LANGUAGE_STANDARD = "gnu++20";
				CLANG_ENABLE_MODULES = YES;
				CLANG_ENABLE_OBJC_ARC = YES;
				CLANG_ENABLE_OBJC_WEAK = YES;
				CLANG_WARN_BLOCK_CAPTURE_AUTORELEASING = YES;
				CLANG_WARN_BOOL_CONVERSION = YES;
				CLANG_WARN_COMMA = YES;
				CLANG_WARN_CONSTANT_CONVERSION = YES;
				CLANG_WARN_DEPRECATED_OBJC_IMPLEMENTATIONS = YES;
				CLANG_WARN_DIRECT_OBJC_ISA_USAGE = YES_ERROR;
				CLANG_WARN_DOCUMENTATION_COMMENTS = YES;
				CLANG_WARN_EMPTY_BODY = YES;
				CLANG_WARN_ENUM_CONVERSION = YES;
				CLANG_WARN_INFINITE_RECURSION = YES;
				CLANG_WARN_INT_CONVERSION = YES;
				CLANG_WARN_NON_LITERAL_NULL_CONVERSION = YES;
				CLANG_WARN_OBJC_IMPLICIT_RETAIN_SELF = YES;
				CLANG_WARN_OBJC_LITERAL_CONVERSION = YES;
				CLANG_WARN_OBJC_ROOT_CLASS = YES_ERROR;
				CLANG_WARN_QUOTED_INCLUDE_IN_FRAMEWORK_HEADER = YES;
				CLANG_WARN_RANGE_LOOP_ANALYSIS = YES;
				CLANG_WARN_STRICT_PROTOTYPES = YES;
				CLANG_WARN_SUSPICIOUS_MOVE = YES;
				CLANG_WARN_UNGUARDED_AVAILABILITY = YES_AGGRESSIVE;
				CLANG_WARN_UNREACHABLE_CODE = YES;
				CLANG_WARN__DUPLICATE_METHOD_MATCH = YES;
				COPY_PHASE_STRIP = NO;
				DEBUG_INFORMATION_FORMAT = dwarf;
				ENABLE_STRICT_OBJC_MSGSEND = YES;
				ENABLE_TESTABILITY = YES;
				ENABLE_USER_SCRIPT_SANDBOXING = YES;
				GCC_C_LANGUAGE_STANDARD = gnu17;
				GCC_DYNAMIC_NO_PIC = NO;
				GCC_NO_COMMON_BLOCKS = YES;
				GCC_OPTIMIZATION_LEVEL = 0;
				GCC_PREPROCESSOR_DEFINITIONS = (
					"DEBUG=1",
					"$(inherited)",
				);
				GCC_WARN_64_TO_32_BIT_CONVERSION = YES;
				GCC_WARN_ABOUT_RETURN_TYPE = YES_ERROR;
				GCC_WARN_UNDECLARED_SELECTOR = YES;
				GCC_WARN_UNINITIALIZED_AUTOS = YES_AGGRESSIVE;
				GCC_WARN_UNUSED_FUNCTION = YES;
				GCC_WARN_UNUSED_VARIABLE = YES;
				IPHONEOS_DEPLOYMENT_TARGET = 16.0;
				LOCALIZATION_PREFERS_STRING_CATALOGS = YES;
				MTL_ENABLE_DEBUG_INFO = INCLUDE_SOURCE;
				MTL_FAST_MATH = YES;
				ONLY_ACTIVE_ARCH = YES;
				SDKROOT = iphoneos;
				SWIFT_ACTIVE_COMPILATION_CONDITIONS = "DEBUG $(inherited)";
				SWIFT_OPTIMIZATION_LEVEL = "-Onone";
			};
			name = Debug;
		};
		1A70000000000002 /* Release */ = {
			isa = XCBuildConfiguration;
			buildSettings = {
				ALWAYS_SEARCH_USER_PATHS = NO;
				ASYNCHRONOUS_SYMBOL_MAPS = YES;
				CLANG_ANALYZER_NONNULL = YES;
				CLANG_ANALYZER_NUMBER_OBJECT_CONVERSION = YES_AGGRESSIVE;
				CLANG_CXX_LANGUAGE_STANDARD = "gnu++20";
				CLANG_ENABLE_MODULES = YES;
				CLANG_ENABLE_OBJC_ARC = YES;
				CLANG_ENABLE_OBJC_WEAK = YES;
				CLANG_WARN_BLOCK_CAPTURE_AUTORELEASING = YES;
				CLANG_WARN_BOOL_CONVERSION = YES;
				CLANG_WARN_COMMA = YES;
				CLANG_WARN_CONSTANT_CONVERSION = YES;
				CLANG_WARN_DEPRECATED_OBJC_IMPLEMENTATIONS = YES;
				CLANG_WARN_DIRECT_OBJC_ISA_USAGE = YES_ERROR;
				CLANG_WARN_DOCUMENTATION_COMMENTS = YES;
				CLANG_WARN_EMPTY_BODY = YES;
				CLANG_WARN_ENUM_CONVERSION = YES;
				CLANG_WARN_INFINITE_RECURSION = YES;
				CLANG_WARN_INT_CONVERSION = YES;
				CLANG_WARN_NON_LITERAL_NULL_CONVERSION = YES;
				CLANG_WARN_OBJC_IMPLICIT_RETAIN_SELF = YES;
				CLANG_WARN_OBJC_LITERAL_CONVERSION = YES;
				CLANG_WARN_OBJC_ROOT_CLASS = YES_ERROR;
				CLANG_WARN_QUOTED_INCLUDE_IN_FRAMEWORK_HEADER = YES;
				CLANG_WARN_RANGE_LOOP_ANALYSIS = YES;
				CLANG_WARN_STRICT_PROTOTYPES = YES;
				CLANG_WARN_SUSPICIOUS_MOVE = YES;
				CLANG_WARN_UNGUARDED_AVAILABILITY = YES_AGGRESSIVE;
				CLANG_WARN_UNREACHABLE_CODE = YES;
				CLANG_WARN__DUPLICATE_METHOD_MATCH = YES;
				COPY_PHASE_STRIP = NO;
				DEBUG_INFORMATION_FORMAT = "dwarf-with-dsym";
				ENABLE_NS_ASSERTIONS = NO;
				ENABLE_STRICT_OBJC_MSGSEND = YES;
				ENABLE_USER_SCRIPT_SANDBOXING = YES;
				GCC_C_LANGUAGE_STANDARD = gnu17;
				GCC_NO_COMMON_BLOCKS = YES;
				GCC_WARN_64_TO_32_BIT_CONVERSION = YES;
				GCC_WARN_ABOUT_RETURN_TYPE = YES_ERROR;
				GCC_WARN_UNDECLARED_SELECTOR = YES;
				GCC_WARN_UNINITIALIZED_AUTOS = YES_AGGRESSIVE;
				GCC_WARN_UNUSED_FUNCTION = YES;
				GCC_WARN_UNUSED_VARIABLE = YES;
				IPHONEOS_DEPLOYMENT_TARGET = 16.0;
				LOCALIZATION_PREFERS_STRING_CATALOGS = YES;
				MTL_ENABLE_DEBUG_INFO = NO;
				MTL_FAST_MATH = YES;
				SDKROOT = iphoneos;
				SWIFT_COMPILATION_MODE = wholemodule;
				VALIDATE_PRODUCT = YES;
			};
			name = Release;
		};
		1A70000000000003 /* Debug */ = {
			isa = XCBuildConfiguration;
			buildSettings = {
				ASSETCATALOG_COMPILER_APPICON_NAME = "";
				ASSETCATALOG_COMPILER_GLOBAL_ACCENT_COLOR_NAME = AccentColor;
				CODEGEN_SKIP_MODEL_CLASSES = NO;
				CODE_SIGN_STYLE = Automatic;
				CURRENT_PROJECT_VERSION = 1;
				DEVELOPMENT_TEAM = "";
				ENABLE_PREVIEWS = YES;
				GENERATE_INFOPLIST_FILE = YES;
				INFOPLIST_KEY_CFBundleDisplayName = Legado;
				INFOPLIST_KEY_LSApplicationCategoryType = "public.app-category.books";
				INFOPLIST_KEY_UIApplicationSceneManifest_Generation = YES;
				INFOPLIST_KEY_UIApplicationSupportsIndirectInputEvents = YES;
				INFOPLIST_KEY_UILaunchScreen_Generation = YES;
				INFOPLIST_KEY_UISupportedInterfaceOrientations_iPad = "UIInterfaceOrientationPortrait UIInterfaceOrientationPortraitUpsideDown UIInterfaceOrientationLandscapeLeft UIInterfaceOrientationLandscapeRight";
				INFOPLIST_KEY_UISupportedInterfaceOrientations_iPhone = "UIInterfaceOrientationPortrait UIInterfaceOrientationLandscapeLeft UIInterfaceOrientationLandscapeRight";
				IPHONEOS_DEPLOYMENT_TARGET = 16.0;
				LD_RUNPATH_SEARCH_PATHS = (
					"$(inherited)",
					"@executable_path/Frameworks",
				);
				MARKETING_VERSION = 1.0;
				PRODUCT_BUNDLE_IDENTIFIER = com.legado.app;
				PRODUCT_NAME = "$(TARGET_NAME)";
				SWIFT_EMIT_LOC_STRINGS = YES;
				SWIFT_VERSION = 5.0;
				TARGETED_DEVICE_FAMILY = "1,2";
			};
			name = Debug;
		};
		1A70000000000004 /* Release */ = {
			isa = XCBuildConfiguration;
			buildSettings = {
				ASSETCATALOG_COMPILER_APPICON_NAME = "";
				ASSETCATALOG_COMPILER_GLOBAL_ACCENT_COLOR_NAME = AccentColor;
				CODEGEN_SKIP_MODEL_CLASSES = NO;
				CODE_SIGN_STYLE = Automatic;
				CURRENT_PROJECT_VERSION = 1;
				DEVELOPMENT_TEAM = "";
				ENABLE_PREVIEWS = YES;
				GENERATE_INFOPLIST_FILE = YES;
				INFOPLIST_KEY_CFBundleDisplayName = Legado;
				INFOPLIST_KEY_LSApplicationCategoryType = "public.app-category.books";
				INFOPLIST_KEY_UIApplicationSceneManifest_Generation = YES;
				INFOPLIST_KEY_UIApplicationSupportsIndirectInputEvents = YES;
				INFOPLIST_KEY_UILaunchScreen_Generation = YES;
				INFOPLIST_KEY_UISupportedInterfaceOrientations_iPad = "UIInterfaceOrientationPortrait UIInterfaceOrientationPortraitUpsideDown UIInterfaceOrientationLandscapeLeft UIInterfaceOrientationLandscapeRight";
				INFOPLIST_KEY_UISupportedInterfaceOrientations_iPhone = "UIInterfaceOrientationPortrait UIInterfaceOrientationLandscapeLeft UIInterfaceOrientationLandscapeRight";
				IPHONEOS_DEPLOYMENT_TARGET = 16.0;
				LD_RUNPATH_SEARCH_PATHS = (
					"$(inherited)",
					"@executable_path/Frameworks",
				);
				MARKETING_VERSION = 1.0;
				PRODUCT_BUNDLE_IDENTIFIER = com.legado.app;
				PRODUCT_NAME = "$(TARGET_NAME)";
				SWIFT_EMIT_LOC_STRINGS = YES;
				SWIFT_VERSION = 5.0;
				TARGETED_DEVICE_FAMILY = "1,2";
			};
			name = Release;
		};
/* End XCBuildConfiguration section */

/* Begin XCConfigurationList section */
		1A50000000000001 /* Build configuration list for PBXNativeTarget "Legado" */ = {
			isa = XCConfigurationList;
			buildConfigurations = (
				1A70000000000003 /* Debug */,
				1A70000000000004 /* Release */,
			);
			defaultConfigurationIsVisible = 0;
			defaultConfigurationName = Release;
		};
		1A50000000000002 /* Build configuration list for PBXProject "Legado" */ = {
			isa = XCConfigurationList;
			buildConfigurations = (
				1A70000000000001 /* Debug */,
				1A70000000000002 /* Release */,
			);
			defaultConfigurationIsVisible = 0;
			defaultConfigurationName = Release;
		};
/* End XCConfigurationList section */
	};
	rootObject = 1A60000000000001 /* Project object */;
}
